
Microsoft Visual Studio Solution File, Format Version 12.00
# Visual Studio 15
VisualStudioVersion = 15.0.27428.2043
MinimumVisualStudioVersion = 10.0.40219.1
Project("{888888A0-9F3D-457C-B088-3A5042F75D52}") = "Compare the Triplets", "Compare the Triplets\Compare the Triplets.pyproj", "{329A024F-D078-4274-B4FA-4E180E7744D7}"
EndProject
Global
	GlobalSection(SolutionConfigurationPlatforms) = preSolution
		Debug|Any CPU = Debug|Any CPU
		Release|Any CPU = Release|Any CPU
	EndGlobalSection
	GlobalSection(ProjectConfigurationPlatforms) = postSolution
		{329A024F-D078-4274-B4FA-4E180E7744D7}.Debug|Any CPU.ActiveCfg = Debug|Any CPU
		{329A024F-D078-4274-B4FA-4E180E7744D7}.Release|Any CPU.ActiveCfg = Release|Any CPU
	EndGlobalSection
	GlobalSection(SolutionProperties) = preSolution
		HideSolutionNode = FALSE
	EndGlobalSection
	GlobalSection(ExtensibilityGlobals) = postSolution
		SolutionGuid = {D38B9E4E-E3F7-423E-91C6-4E81FA9C9795}
	EndGlobalSection
EndGlobal
